
Microsoft Visual Studio Solution File, Format Version 12.00
# Visual Studio Version 16
VisualStudioVersion = 16.0.28803.156
MinimumVisualStudioVersion = 10.0.40219.1
Project("{FAE04EC0-301F-11D3-BF4B-00C04F79EFBC}") = "CloudChunkVideo", "CloudChunkVideo\CloudChunkVideo.csproj", "{524A705E-9132-4A41-A6D3-44F732792A4F}"
EndProject
Project("{FAE04EC0-301F-11D3-BF4B-00C04F79EFBC}") = "CloudFileStorage", "CloudFileStorage\CloudFileStorage.csproj", "{36A44C5E-0BB6-48C1-8487-0E8A3FF0F178}"
EndProject
Global
	GlobalSection(SolutionConfigurationPlatforms) = preSolution
		Debug|Any CPU = Debug|Any CPU
		Release|Any CPU = Release|Any CPU
	EndGlobalSection
	GlobalSection(ProjectConfigurationPlatforms) = postSolution
		{524A705E-9132-4A41-A6D3-44F732792A4F}.Debug|Any CPU.ActiveCfg = Debug|Any CPU
		{524A705E-9132-4A41-A6D3-44F732792A4F}.Debug|Any CPU.Build.0 = Debug|Any CPU
		{524A705E-9132-4A41-A6D3-44F732792A4F}.Release|Any CPU.ActiveCfg = Release|Any CPU
		{524A705E-9132-4A41-A6D3-44F732792A4F}.Release|Any CPU.Build.0 = Release|Any CPU
		{36A44C5E-0BB6-48C1-8487-0E8A3FF0F178}.Debug|Any CPU.ActiveCfg = Debug|Any CPU
		{36A44C5E-0BB6-48C1-8487-0E8A3FF0F178}.Debug|Any CPU.Build.0 = Debug|Any CPU
		{36A44C5E-0BB6-48C1-8487-0E8A3FF0F178}.Release|Any CPU.ActiveCfg = Release|Any CPU
		{36A44C5E-0BB6-48C1-8487-0E8A3FF0F178}.Release|Any CPU.Build.0 = Release|Any CPU
	EndGlobalSection
	GlobalSection(SolutionProperties) = preSolution
		HideSolutionNode = FALSE
	EndGlobalSection
	GlobalSection(ExtensibilityGlobals) = postSolution
		SolutionGuid = {4C607785-3EB2-4108-B46E-F607C1226B69}
	EndGlobalSection
EndGlobal
